
Microsoft Visual Studio Solution File, Format Version 12.00
# Visual Studio 2017
Project("{FAE04EC0-301F-11D3-BF4B-00C04F79EFBC}") = "HyperCasualProj", "HyperCasualProj.csproj", "{3B385639-9D73-B4D1-9FA1-7C1C6AF57ACB}"
EndProject
Global
	GlobalSection(SolutionConfigurationPlatforms) = preSolution
		Debug|Any CPU = Debug|Any CPU
		Release|Any CPU = Release|Any CPU
	EndGlobalSection
	GlobalSection(ProjectConfigurationPlatforms) = postSolution
		{3B385639-9D73-B4D1-9FA1-7C1C6AF57ACB}.Debug|Any CPU.ActiveCfg = Debug|Any CPU
		{3B385639-9D73-B4D1-9FA1-7C1C6AF57ACB}.Debug|Any CPU.Build.0 = Debug|Any CPU
		{3B385639-9D73-B4D1-9FA1-7C1C6AF57ACB}.Release|Any CPU.ActiveCfg = Release|Any CPU
		{3B385639-9D73-B4D1-9FA1-7C1C6AF57ACB}.Release|Any CPU.Build.0 = Release|Any CPU
	EndGlobalSection
	GlobalSection(SolutionProperties) = preSolution
		HideSolutionNode = FALSE
	EndGlobalSection
EndGlobal
